Microsoft Visual Studio Solution File, Format Version 12.00
# Visual Studio Version 17
VisualStudioVersion = 17.12.35707.178
MinimumVisualStudioVersion = 10.0.40219.1
Project("{9A19103F-16F7-4668-BE54-9A1E7A4F7556}") = "Vota.Domain", "Vota.Domain\Vota.Domain.csproj", "{832514E9-4A47-4E9A-81D1-252524552E59}"
EndProject
Project("{FAE04EC0-301F-11D3-BF4B-00C04F79EFBC}") = "Vota.EF", "Vota.EF\Vota.EF.csproj", "{9D5651B7-250F-4C61-96CF-BD6CDD563B80}"
EndProject
Project("{FAE04EC0-301F-11D3-BF4B-00C04F79EFBC}") = "Vota.WebApi", "Vota.WebApi\Vota.WebApi.csproj", "{E718C333-B766-4B73-85C0-5AEA7C32337B}"
EndProject
Global
	GlobalSection(SolutionConfigurationPlatforms) = preSolution
		Debug|Any CPU = Debug|Any CPU
		Release|Any CPU = Release|Any CPU
	EndGlobalSection
	GlobalSection(ProjectConfigurationPlatforms) = postSolution
		{832514E9-4A47-4E9A-81D1-252524552E59}.Debug|Any CPU.ActiveCfg = Debug|Any CPU
		{832514E9-4A47-4E9A-81D1-252524552E59}.Debug|Any CPU.Build.0 = Debug|Any CPU
		{832514E9-4A47-4E9A-81D1-252524552E59}.Release|Any CPU.ActiveCfg = Release|Any CPU
		{832514E9-4A47-4E9A-81D1-252524552E59}.Release|Any CPU.Build.0 = Release|Any CPU
		{9D5651B7-250F-4C61-96CF-BD6CDD563B80}.Debug|Any CPU.ActiveCfg = Debug|Any CPU
		{9D5651B7-250F-4C61-96CF-BD6CDD563B80}.Debug|Any CPU.Build.0 = Debug|Any CPU
		{9D5651B7-250F-4C61-96CF-BD6CDD563B80}.Release|Any CPU.ActiveCfg = Release|Any CPU
		{9D5651B7-250F-4C61-96CF-BD6CDD563B80}.Release|Any CPU.Build.0 = Release|Any CPU
		{E718C333-B766-4B73-85C0-5AEA7C32337B}.Debug|Any CPU.ActiveCfg = Debug|Any CPU
		{E718C333-B766-4B73-85C0-5AEA7C32337B}.Debug|Any CPU.Build.0 = Debug|Any CPU
		{E718C333-B766-4B73-85C0-5AEA7C32337B}.Release|Any CPU.ActiveCfg = Release|Any CPU
		{E718C333-B766-4B73-85C0-5AEA7C32337B}.Release|Any CPU.Build.0 = Release|Any CPU
	EndGlobalSection
	GlobalSection(SolutionProperties) = preSolution
		HideSolutionNode = FALSE
	EndGlobalSection
	GlobalSection(ExtensibilityGlobals) = postSolution
		SolutionGuid = {440022A9-942B-4ACD-B0E7-FD86163AB061}
	EndGlobalSection
EndGlobal
